<?xml version="1.0" encoding="utf-8"?>
<Project ToolsVersion="4.0" xmlns="http://schemas.microsoft.com/developer/msbuild/2003">
  <ItemGroup>
    <Filter Include="ソース ファイル">
      <UniqueIdentifier>{4FC737F1-C7A5-4376-A066-2A32D752A2FF}</UniqueIdentifier>
      <Extensions>cpp;c;cc;cxx;c++;cppm;ixx;def;odl;idl;hpj;bat;asm;asmx</Extensions>
    </Filter>
    <Filter Include="ヘッダー ファイル">
      <UniqueIdentifier>{93995380-89BD-4b04-88EB-625FBE52EBFB}</UniqueIdentifier>
      <Extensions>h;hh;hpp;hxx;h++;hm;inl;inc;ipp;xsd</Extensions>
    </Filter>
    <Filter Include="リソース ファイル">
      <UniqueIdentifier>{67DA6AB6-F800-4c08-8B7A-83BB121AAD01}</UniqueIdentifier>
      <Extensions>rc;ico;cur;bmp;dlg;rc2;rct;bin;rgs;gif;jpg;jpeg;jpe;resx;tiff;tif;png;wav;mfcribbon-ms</Extensions>
    </Filter>
    <Filter Include="ソース ファイル\Basis">
      <UniqueIdentifier>{ae131633-07b8-433f-9cce-599baed3cb37}</UniqueIdentifier>
    </Filter>
    <Filter Include="ソース ファイル\Drawer">
      <UniqueIdentifier>{e2730c58-31a9-4487-9b3d-dfe9cddd1921}</UniqueIdentifier>
    </Filter>
    <Filter Include="ヘッダー ファイル\Basis">
      <UniqueIdentifier>{5c4df622-58cd-4f86-99e8-bffff7e8db70}</UniqueIdentifier>
    </Filter>
    <Filter Include="ヘッダー ファイル\Drawer">
      <UniqueIdentifier>{12037899-655b-405a-aacd-e4645830c2e4}</UniqueIdentifier>
    </Filter>
    <Filter Include="ヘッダー ファイル\Struct">
      <UniqueIdentifier>{5822cfbb-77e8-4e45-a801-b0299bb93400}</UniqueIdentifier>
    </Filter>
    <Filter Include="リソース ファイル\Shader">
      <UniqueIdentifier>{4f439576-1a0e-4253-bf0e-310b5910453a}</UniqueIdentifier>
    </Filter>
    <Filter Include="ヘッダー ファイル\math">
      <UniqueIdentifier>{42cf21f6-a965-45b9-b834-55d17527ea24}</UniqueIdentifier>
    </Filter>
    <Filter Include="ソース ファイル\Math">
      <UniqueIdentifier>{49a74e80-fe20-4216-8f34-7b0ccd9fcabe}</UniqueIdentifier>
    </Filter>
    <Filter Include="ソース ファイル\Camera">
      <UniqueIdentifier>{a02b62e4-5ecb-4b2a-a0c7-d1aebd159219}</UniqueIdentifier>
    </Filter>
  </ItemGroup>
  <ItemGroup>
    <ClCompile Include="main.cpp">
      <Filter>ソース ファイル</Filter>
    </ClCompile>
    <ClCompile Include="WinApp.cpp">
      <Filter>ソース ファイル\Basis</Filter>
    </ClCompile>
    <ClCompile Include="DirectXBasis.cpp">
      <Filter>ソース ファイル\Basis</Filter>
    </ClCompile>
    <ClCompile Include="Input.cpp">
      <Filter>ソース ファイル\Basis</Filter>
    </ClCompile>
    <ClCompile Include="DrawBasis.cpp">
      <Filter>ソース ファイル\Drawer</Filter>
    </ClCompile>
    <ClCompile Include="Sprite.cpp">
      <Filter>ソース ファイル\Drawer</Filter>
    </ClCompile>
    <ClCompile Include="FixFPS.cpp">
      <Filter>ソース ファイル\Basis</Filter>
    </ClCompile>
    <ClCompile Include="Vector3.cpp">
      <Filter>ソース ファイル\Math</Filter>
    </ClCompile>
    <ClCompile Include="Vector2.cpp">
      <Filter>ソース ファイル\Math</Filter>
    </ClCompile>
    <ClCompile Include="Matrix4.cpp">
      <Filter>ソース ファイル\Math</Filter>
    </ClCompile>
    <ClCompile Include="Vector4.cpp">
      <Filter>ソース ファイル\Math</Filter>
    </ClCompile>
    <ClCompile Include="ViewProjection.cpp">
      <Filter>ソース ファイル\Camera</Filter>
    </ClCompile>
  </ItemGroup>
  <ItemGroup>
    <ClInclude Include="DirectXBasis.h">
      <Filter>ヘッダー ファイル\Basis</Filter>
    </ClInclude>
    <ClInclude Include="FixFPS.h">
      <Filter>ヘッダー ファイル\Basis</Filter>
    </ClInclude>
    <ClInclude Include="WinApp.h">
      <Filter>ヘッダー ファイル\Basis</Filter>
    </ClInclude>
    <ClInclude Include="Input.h">
      <Filter>ヘッダー ファイル\Basis</Filter>
    </ClInclude>
    <ClInclude Include="Sprite.h">
      <Filter>ヘッダー ファイル\Drawer</Filter>
    </ClInclude>
    <ClInclude Include="Struct.h">
      <Filter>ヘッダー ファイル\Struct</Filter>
    </ClInclude>
    <ClInclude Include="Vector3.h">
      <Filter>ヘッダー ファイル\math</Filter>
    </ClInclude>
    <ClInclude Include="Vector2.h">
      <Filter>ヘッダー ファイル\math</Filter>
    </ClInclude>
    <ClInclude Include="Matrix4.h">
      <Filter>ヘッダー ファイル\math</Filter>
    </ClInclude>
    <ClInclude Include="Vector4.h">
      <Filter>ヘッダー ファイル\math</Filter>
    </ClInclude>
    <ClInclude Include="DrawBasis.h">
      <Filter>ヘッダー ファイル\Drawer</Filter>
    </ClInclude>
    <ClInclude Include="ViewProjection.h">
      <Filter>ヘッダー ファイル</Filter>
    </ClInclude>
  </ItemGroup>
  <ItemGroup>
    <FxCompile Include="Resources\shaders\BasicPS.hlsl">
      <Filter>リソース ファイル\Shader</Filter>
    </FxCompile>
    <FxCompile Include="Resources\shaders\BasicVS.hlsl">
      <Filter>リソース ファイル\Shader</Filter>
    </FxCompile>
    <FxCompile Include="Resources\shaders\SpritePS.hlsl">
      <Filter>リソース ファイル\Shader</Filter>
    </FxCompile>
    <FxCompile Include="Resources\shaders\SpriteVS.hlsl">
      <Filter>リソース ファイル\Shader</Filter>
    </FxCompile>
  </ItemGroup>
  <ItemGroup>
    <None Include="Resources\shaders\Basic.hlsli">
      <Filter>リソース ファイル\Shader</Filter>
    </None>
    <None Include="Resources\shaders\SpriteBasic.hlsli">
      <Filter>リソース ファイル\Shader</Filter>
    </None>
  </ItemGroup>
</Project>